
Microsoft Visual Studio Solution File, Format Version 12.00
# Visual Studio Version 16
VisualStudioVersion = 16.0.29911.84
MinimumVisualStudioVersion = 10.0.40219.1
Project("{FAE04EC0-301F-11D3-BF4B-00C04F79EFBC}") = "CarReportSystem", "CarReportSystem\CarReportSystem.csproj", "{95096FBC-6472-4D5E-BC12-F38D383D3323}"
EndProject
Global
	GlobalSection(SolutionConfigurationPlatforms) = preSolution
		Debug|Any CPU = Debug|Any CPU
		Release|Any CPU = Release|Any CPU
	EndGlobalSection
	GlobalSection(ProjectConfigurationPlatforms) = postSolution
		{95096FBC-6472-4D5E-BC12-F38D383D3323}.Debug|Any CPU.ActiveCfg = Debug|Any CPU
		{95096FBC-6472-4D5E-BC12-F38D383D3323}.Debug|Any CPU.Build.0 = Debug|Any CPU
		{95096FBC-6472-4D5E-BC12-F38D383D3323}.Release|Any CPU.ActiveCfg = Release|Any CPU
		{95096FBC-6472-4D5E-BC12-F38D383D3323}.Release|Any CPU.Build.0 = Release|Any CPU
	EndGlobalSection
	GlobalSection(SolutionProperties) = preSolution
		HideSolutionNode = FALSE
	EndGlobalSection
	GlobalSection(ExtensibilityGlobals) = postSolution
		SolutionGuid = {7862B983-26F8-45FB-A9C6-15A32EE7E171}
	EndGlobalSection
EndGlobal
